
Microsoft Visual Studio Solution File, Format Version 12.00
# Visual Studio 2013
VisualStudioVersion = 12.0.31101.0
MinimumVisualStudioVersion = 10.0.40219.1
Project("{FAE04EC0-301F-11D3-BF4B-00C04F79EFBC}") = "DdzServer", "DdzServer\DdzServer.csproj", "{399C4D51-E438-4053-9FFF-EEDBF13265D5}"
EndProject
Project("{FAE04EC0-301F-11D3-BF4B-00C04F79EFBC}") = "Qipai4Core", "..\Qipai4Core\Qipai4Core\Qipai4Core.csproj", "{407DDD70-B8EE-4FBA-BD9E-E8CCA15FF31C}"
EndProject
Global
	GlobalSection(SolutionConfigurationPlatforms) = preSolution
		Debug|Any CPU = Debug|Any CPU
		Release|Any CPU = Release|Any CPU
	EndGlobalSection
	GlobalSection(ProjectConfigurationPlatforms) = postSolution
		{399C4D51-E438-4053-9FFF-EEDBF13265D5}.Debug|Any CPU.ActiveCfg = Debug|Any CPU
		{399C4D51-E438-4053-9FFF-EEDBF13265D5}.Debug|Any CPU.Build.0 = Debug|Any CPU
		{399C4D51-E438-4053-9FFF-EEDBF13265D5}.Release|Any CPU.ActiveCfg = Release|Any CPU
		{399C4D51-E438-4053-9FFF-EEDBF13265D5}.Release|Any CPU.Build.0 = Release|Any CPU
		{407DDD70-B8EE-4FBA-BD9E-E8CCA15FF31C}.Debug|Any CPU.ActiveCfg = Debug|Any CPU
		{407DDD70-B8EE-4FBA-BD9E-E8CCA15FF31C}.Debug|Any CPU.Build.0 = Debug|Any CPU
		{407DDD70-B8EE-4FBA-BD9E-E8CCA15FF31C}.Release|Any CPU.ActiveCfg = Release|Any CPU
		{407DDD70-B8EE-4FBA-BD9E-E8CCA15FF31C}.Release|Any CPU.Build.0 = Release|Any CPU
	EndGlobalSection
	GlobalSection(SolutionProperties) = preSolution
		HideSolutionNode = FALSE
	EndGlobalSection
EndGlobal
